
Microsoft Visual Studio Solution File, Format Version 12.00
# Visual Studio Version 17
VisualStudioVersion = 17.2.32526.322
MinimumVisualStudioVersion = 10.0.40219.1
Project("{9A19103F-16F7-4668-BE54-9A1E7A4F7556}") = "SaintCanPassage", "SaintCanPassage.csproj", "{D1D30999-33F2-481D-987F-A6F837B3371C}"
EndProject
Global
	GlobalSection(SolutionConfigurationPlatforms) = preSolution
		Debug|Any CPU = Debug|Any CPU
		Release|Any CPU = Release|Any CPU
	EndGlobalSection
	GlobalSection(ProjectConfigurationPlatforms) = postSolution
		{D1D30999-33F2-481D-987F-A6F837B3371C}.Debug|Any CPU.ActiveCfg = Debug|Any CPU
		{D1D30999-33F2-481D-987F-A6F837B3371C}.Debug|Any CPU.Build.0 = Debug|Any CPU
		{D1D30999-33F2-481D-987F-A6F837B3371C}.Release|Any CPU.ActiveCfg = Release|Any CPU
		{D1D30999-33F2-481D-987F-A6F837B3371C}.Release|Any CPU.Build.0 = Release|Any CPU
	EndGlobalSection
	GlobalSection(SolutionProperties) = preSolution
		HideSolutionNode = FALSE
	EndGlobalSection
	GlobalSection(ExtensibilityGlobals) = postSolution
		SolutionGuid = {54165C25-F3E2-4A53-A2EA-D0AD01D37DC8}
	EndGlobalSection
EndGlobal
